
Microsoft Visual Studio Solution File, Format Version 12.00
# Visual Studio Version 17
VisualStudioVersion = 17.4.33205.214
MinimumVisualStudioVersion = 10.0.40219.1
Project("{FAE04EC0-301F-11D3-BF4B-00C04F79EFBC}") = "OrchardApiTest", "OrchardApiTest\OrchardApiTest.csproj", "{69D1DC32-8A5E-4F10-9DDF-980FFE000D45}"
EndProject
Global
	GlobalSection(SolutionConfigurationPlatforms) = preSolution
		Debug|Any CPU = Debug|Any CPU
		Release|Any CPU = Release|Any CPU
	EndGlobalSection
	GlobalSection(ProjectConfigurationPlatforms) = postSolution
		{69D1DC32-8A5E-4F10-9DDF-980FFE000D45}.Debug|Any CPU.ActiveCfg = Debug|Any CPU
		{69D1DC32-8A5E-4F10-9DDF-980FFE000D45}.Debug|Any CPU.Build.0 = Debug|Any CPU
		{69D1DC32-8A5E-4F10-9DDF-980FFE000D45}.Release|Any CPU.ActiveCfg = Release|Any CPU
		{69D1DC32-8A5E-4F10-9DDF-980FFE000D45}.Release|Any CPU.Build.0 = Release|Any CPU
	EndGlobalSection
	GlobalSection(SolutionProperties) = preSolution
		HideSolutionNode = FALSE
	EndGlobalSection
	GlobalSection(ExtensibilityGlobals) = postSolution
		SolutionGuid = {10CB1C32-E74F-42A9-9C9F-7269E4DB556C}
	EndGlobalSection
EndGlobal
